
Microsoft Visual Studio Solution File, Format Version 12.00
# Visual Studio Version 17
VisualStudioVersion = 17.4.33213.308
MinimumVisualStudioVersion = 10.0.40219.1
Project("{FAE04EC0-301F-11D3-BF4B-00C04F79EFBC}") = "Agap2IT.Labs.RentACar.ConsoleApp", "Agap2IT.Labs.RentACar.ConsoleApp\Agap2IT.Labs.RentACar.ConsoleApp.csproj", "{3FEBEAD5-447E-45E6-8D33-59858B188CED}"
EndProject
Global
	GlobalSection(SolutionConfigurationPlatforms) = preSolution
		Debug|Any CPU = Debug|Any CPU
		Release|Any CPU = Release|Any CPU
	EndGlobalSection
	GlobalSection(ProjectConfigurationPlatforms) = postSolution
		{3FEBEAD5-447E-45E6-8D33-59858B188CED}.Debug|Any CPU.ActiveCfg = Debug|Any CPU
		{3FEBEAD5-447E-45E6-8D33-59858B188CED}.Debug|Any CPU.Build.0 = Debug|Any CPU
		{3FEBEAD5-447E-45E6-8D33-59858B188CED}.Release|Any CPU.ActiveCfg = Release|Any CPU
		{3FEBEAD5-447E-45E6-8D33-59858B188CED}.Release|Any CPU.Build.0 = Release|Any CPU
	EndGlobalSection
	GlobalSection(SolutionProperties) = preSolution
		HideSolutionNode = FALSE
	EndGlobalSection
	GlobalSection(ExtensibilityGlobals) = postSolution
		SolutionGuid = {775F91CF-C71F-4D27-9EC1-B6E2043C0AB1}
	EndGlobalSection
EndGlobal
